
Microsoft Visual Studio Solution File, Format Version 12.00
# Visual Studio Version 17
VisualStudioVersion = 17.0.31903.59
MinimumVisualStudioVersion = 10.0.40219.1
Project("{2150E333-8FDC-42A3-9474-1A3956D46DE8}") = "src", "src", "{CE369B1B-042B-4063-8911-B66E87532664}"
EndProject
Project("{FAE04EC0-301F-11D3-BF4B-00C04F79EFBC}") = "BalaReva.EasyText", "src\BalaReva.EasyText\BalaReva.EasyText.csproj", "{65C298C9-574E-4728-BADF-7D4D188F0FD0}"
EndProject
Project("{2150E333-8FDC-42A3-9474-1A3956D46DE8}") = "tests", "tests", "{515F1E22-17B3-4124-93F1-F9D4E7122FD8}"
EndProject
Project("{FAE04EC0-301F-11D3-BF4B-00C04F79EFBC}") = "BalaReva.EasyText.Tests", "tests\BalaReva.EasyText.Tests\BalaReva.EasyText.Tests.csproj", "{6AEB810C-184A-4638-A359-FE780B9BFB68}"
EndProject
Project("{2150E333-8FDC-42A3-9474-1A3956D46DE8}") = "tools", "tools", "{9A49E19E-3487-4887-9321-8F82DB53EE34}"
EndProject
Project("{FAE04EC0-301F-11D3-BF4B-00C04F79EFBC}") = "ApiSurface", "tools\ApiSurface\ApiSurface.csproj", "{10351EF2-E1E9-49D0-946E-C457A7B499A0}"
EndProject
Project("{FAE04EC0-301F-11D3-BF4B-00C04F79EFBC}") = "BalaReva.EasyImage", "src\BalaReva.EasyImage\BalaReva.EasyImage.csproj", "{D30A17E7-5CD4-4ECE-A226-6E3920665649}"
EndProject
Project("{FAE04EC0-301F-11D3-BF4B-00C04F79EFBC}") = "BalaReva.Printer", "src\BalaReva.Printer\BalaReva.Printer.csproj", "{76B60624-E0FD-4737-A34E-B04E96DE4C6F}"
EndProject
Project("{FAE04EC0-301F-11D3-BF4B-00C04F79EFBC}") = "BalaReva.Revived.TestSupport", "tests\BalaReva.Revived.TestSupport\BalaReva.Revived.TestSupport.csproj", "{57F17827-DBD5-4716-BA7D-64EB8CE50F87}"
EndProject
Project("{FAE04EC0-301F-11D3-BF4B-00C04F79EFBC}") = "BalaReva.EasyImage.Tests", "tests\BalaReva.EasyImage.Tests\BalaReva.EasyImage.Tests.csproj", "{9B21B3DB-F24D-4804-86AE-210E02660AD8}"
EndProject
Project("{FAE04EC0-301F-11D3-BF4B-00C04F79EFBC}") = "BalaReva.Printer.Tests", "tests\BalaReva.Printer.Tests\BalaReva.Printer.Tests.csproj", "{E6B4E028-29DE-4CF8-A315-CA737F349A3E}"
EndProject
Project("{FAE04EC0-301F-11D3-BF4B-00C04F79EFBC}") = "BalaReva.EasyOutlook", "src\BalaReva.EasyOutlook\BalaReva.EasyOutlook.csproj", "{A9F7FD60-EC19-4858-BF4E-FF3F3F87CE00}"
EndProject
Project("{FAE04EC0-301F-11D3-BF4B-00C04F79EFBC}") = "BalaReva.EasyOutlook.Tests", "tests\BalaReva.EasyOutlook.Tests\BalaReva.EasyOutlook.Tests.csproj", "{77B8536F-EF24-456D-A705-407066513B12}"
EndProject
Project("{FAE04EC0-301F-11D3-BF4B-00C04F79EFBC}") = "BalaReva.Word", "src\BalaReva.Word\BalaReva.Word.csproj", "{41ABA92A-FCEE-4FC5-9E76-EDA84F3C488E}"
EndProject
Project("{FAE04EC0-301F-11D3-BF4B-00C04F79EFBC}") = "BalaReva.Word.Tests", "tests\BalaReva.Word.Tests\BalaReva.Word.Tests.csproj", "{7F128637-C9C9-41C0-9439-19DF08A14CA7}"
EndProject
Project("{FAE04EC0-301F-11D3-BF4B-00C04F79EFBC}") = "BalaReva.Excel", "src\BalaReva.Excel\BalaReva.Excel.csproj", "{D1706A29-6704-4CB0-A7D7-02436AB13432}"
EndProject
Project("{FAE04EC0-301F-11D3-BF4B-00C04F79EFBC}") = "BalaReva.Excel.Tests", "tests\BalaReva.Excel.Tests\BalaReva.Excel.Tests.csproj", "{EEF50EE6-02C8-43A1-980F-23649C2368DF}"
EndProject
Project("{FAE04EC0-301F-11D3-BF4B-00C04F79EFBC}") = "BalaReva.EasyPowerPoint", "src\BalaReva.EasyPowerPoint\BalaReva.EasyPowerPoint.csproj", "{A56E0461-1224-4817-A8CF-40BF432025F2}"
EndProject
Project("{FAE04EC0-301F-11D3-BF4B-00C04F79EFBC}") = "BalaReva.EasyPowerPoint.Tests", "tests\BalaReva.EasyPowerPoint.Tests\BalaReva.EasyPowerPoint.Tests.csproj", "{878F1C7B-E1C9-4DCE-830F-7A87A88A3D77}"
EndProject
Project("{FAE04EC0-301F-11D3-BF4B-00C04F79EFBC}") = "BalaReva.EasyExcel", "src\BalaReva.EasyExcel\BalaReva.EasyExcel.csproj", "{3ECBAF6C-EB17-4A70-A814-AD680E076046}"
EndProject
Project("{FAE04EC0-301F-11D3-BF4B-00C04F79EFBC}") = "BalaReva.EasyExcel.Tests", "tests\BalaReva.EasyExcel.Tests\BalaReva.EasyExcel.Tests.csproj", "{14F0839A-8254-49F2-A803-DECD51569C15}"
EndProject
Global
	GlobalSection(SolutionConfigurationPlatforms) = preSolution
		Debug|Any CPU = Debug|Any CPU
		Release|Any CPU = Release|Any CPU
	EndGlobalSection
	GlobalSection(SolutionProperties) = preSolution
		HideSolutionNode = FALSE
	EndGlobalSection
	GlobalSection(ProjectConfigurationPlatforms) = postSolution
		{65C298C9-574E-4728-BADF-7D4D188F0FD0}.Debug|Any CPU.ActiveCfg = Debug|Any CPU
		{65C298C9-574E-4728-BADF-7D4D188F0FD0}.Debug|Any CPU.Build.0 = Debug|Any CPU
		{65C298C9-574E-4728-BADF-7D4D188F0FD0}.Release|Any CPU.ActiveCfg = Release|Any CPU
		{65C298C9-574E-4728-BADF-7D4D188F0FD0}.Release|Any CPU.Build.0 = Release|Any CPU
		{6AEB810C-184A-4638-A359-FE780B9BFB68}.Debug|Any CPU.ActiveCfg = Debug|Any CPU
		{6AEB810C-184A-4638-A359-FE780B9BFB68}.Debug|Any CPU.Build.0 = Debug|Any CPU
		{6AEB810C-184A-4638-A359-FE780B9BFB68}.Release|Any CPU.ActiveCfg = Release|Any CPU
		{6AEB810C-184A-4638-A359-FE780B9BFB68}.Release|Any CPU.Build.0 = Release|Any CPU
		{10351EF2-E1E9-49D0-946E-C457A7B499A0}.Debug|Any CPU.ActiveCfg = Debug|Any CPU
		{10351EF2-E1E9-49D0-946E-C457A7B499A0}.Debug|Any CPU.Build.0 = Debug|Any CPU
		{10351EF2-E1E9-49D0-946E-C457A7B499A0}.Release|Any CPU.ActiveCfg = Release|Any CPU
		{10351EF2-E1E9-49D0-946E-C457A7B499A0}.Release|Any CPU.Build.0 = Release|Any CPU
		{D30A17E7-5CD4-4ECE-A226-6E3920665649}.Debug|Any CPU.ActiveCfg = Debug|Any CPU
		{D30A17E7-5CD4-4ECE-A226-6E3920665649}.Debug|Any CPU.Build.0 = Debug|Any CPU
		{D30A17E7-5CD4-4ECE-A226-6E3920665649}.Release|Any CPU.ActiveCfg = Release|Any CPU
		{D30A17E7-5CD4-4ECE-A226-6E3920665649}.Release|Any CPU.Build.0 = Release|Any CPU
		{76B60624-E0FD-4737-A34E-B04E96DE4C6F}.Debug|Any CPU.ActiveCfg = Debug|Any CPU
		{76B60624-E0FD-4737-A34E-B04E96DE4C6F}.Debug|Any CPU.Build.0 = Debug|Any CPU
		{76B60624-E0FD-4737-A34E-B04E96DE4C6F}.Release|Any CPU.ActiveCfg = Release|Any CPU
		{76B60624-E0FD-4737-A34E-B04E96DE4C6F}.Release|Any CPU.Build.0 = Release|Any CPU
		{57F17827-DBD5-4716-BA7D-64EB8CE50F87}.Debug|Any CPU.ActiveCfg = Debug|Any CPU
		{57F17827-DBD5-4716-BA7D-64EB8CE50F87}.Debug|Any CPU.Build.0 = Debug|Any CPU
		{57F17827-DBD5-4716-BA7D-64EB8CE50F87}.Release|Any CPU.ActiveCfg = Release|Any CPU
		{57F17827-DBD5-4716-BA7D-64EB8CE50F87}.Release|Any CPU.Build.0 = Release|Any CPU
		{9B21B3DB-F24D-4804-86AE-210E02660AD8}.Debug|Any CPU.ActiveCfg = Debug|Any CPU
		{9B21B3DB-F24D-4804-86AE-210E02660AD8}.Debug|Any CPU.Build.0 = Debug|Any CPU
		{9B21B3DB-F24D-4804-86AE-210E02660AD8}.Release|Any CPU.ActiveCfg = Release|Any CPU
		{9B21B3DB-F24D-4804-86AE-210E02660AD8}.Release|Any CPU.Build.0 = Release|Any CPU
		{E6B4E028-29DE-4CF8-A315-CA737F349A3E}.Debug|Any CPU.ActiveCfg = Debug|Any CPU
		{E6B4E028-29DE-4CF8-A315-CA737F349A3E}.Debug|Any CPU.Build.0 = Debug|Any CPU
		{E6B4E028-29DE-4CF8-A315-CA737F349A3E}.Release|Any CPU.ActiveCfg = Release|Any CPU
		{E6B4E028-29DE-4CF8-A315-CA737F349A3E}.Release|Any CPU.Build.0 = Release|Any CPU
		{A9F7FD60-EC19-4858-BF4E-FF3F3F87CE00}.Debug|Any CPU.ActiveCfg = Debug|Any CPU
		{A9F7FD60-EC19-4858-BF4E-FF3F3F87CE00}.Debug|Any CPU.Build.0 = Debug|Any CPU
		{A9F7FD60-EC19-4858-BF4E-FF3F3F87CE00}.Release|Any CPU.ActiveCfg = Release|Any CPU
		{A9F7FD60-EC19-4858-BF4E-FF3F3F87CE00}.Release|Any CPU.Build.0 = Release|Any CPU
		{77B8536F-EF24-456D-A705-407066513B12}.Debug|Any CPU.ActiveCfg = Debug|Any CPU
		{77B8536F-EF24-456D-A705-407066513B12}.Debug|Any CPU.Build.0 = Debug|Any CPU
		{77B8536F-EF24-456D-A705-407066513B12}.Release|Any CPU.ActiveCfg = Release|Any CPU
		{77B8536F-EF24-456D-A705-407066513B12}.Release|Any CPU.Build.0 = Release|Any CPU
		{41ABA92A-FCEE-4FC5-9E76-EDA84F3C488E}.Debug|Any CPU.ActiveCfg = Debug|Any CPU
		{41ABA92A-FCEE-4FC5-9E76-EDA84F3C488E}.Debug|Any CPU.Build.0 = Debug|Any CPU
		{41ABA92A-FCEE-4FC5-9E76-EDA84F3C488E}.Release|Any CPU.ActiveCfg = Release|Any CPU
		{41ABA92A-FCEE-4FC5-9E76-EDA84F3C488E}.Release|Any CPU.Build.0 = Release|Any CPU
		{7F128637-C9C9-41C0-9439-19DF08A14CA7}.Debug|Any CPU.ActiveCfg = Debug|Any CPU
		{7F128637-C9C9-41C0-9439-19DF08A14CA7}.Debug|Any CPU.Build.0 = Debug|Any CPU
		{7F128637-C9C9-41C0-9439-19DF08A14CA7}.Release|Any CPU.ActiveCfg = Release|Any CPU
		{7F128637-C9C9-41C0-9439-19DF08A14CA7}.Release|Any CPU.Build.0 = Release|Any CPU
		{D1706A29-6704-4CB0-A7D7-02436AB13432}.Debug|Any CPU.ActiveCfg = Debug|Any CPU
		{D1706A29-6704-4CB0-A7D7-02436AB13432}.Debug|Any CPU.Build.0 = Debug|Any CPU
		{D1706A29-6704-4CB0-A7D7-02436AB13432}.Release|Any CPU.ActiveCfg = Release|Any CPU
		{D1706A29-6704-4CB0-A7D7-02436AB13432}.Release|Any CPU.Build.0 = Release|Any CPU
		{EEF50EE6-02C8-43A1-980F-23649C2368DF}.Debug|Any CPU.ActiveCfg = Debug|Any CPU
		{EEF50EE6-02C8-43A1-980F-23649C2368DF}.Debug|Any CPU.Build.0 = Debug|Any CPU
		{EEF50EE6-02C8-43A1-980F-23649C2368DF}.Release|Any CPU.ActiveCfg = Release|Any CPU
		{EEF50EE6-02C8-43A1-980F-23649C2368DF}.Release|Any CPU.Build.0 = Release|Any CPU
		{A56E0461-1224-4817-A8CF-40BF432025F2}.Debug|Any CPU.ActiveCfg = Debug|Any CPU
		{A56E0461-1224-4817-A8CF-40BF432025F2}.Debug|Any CPU.Build.0 = Debug|Any CPU
		{A56E0461-1224-4817-A8CF-40BF432025F2}.Release|Any CPU.ActiveCfg = Release|Any CPU
		{A56E0461-1224-4817-A8CF-40BF432025F2}.Release|Any CPU.Build.0 = Release|Any CPU
		{878F1C7B-E1C9-4DCE-830F-7A87A88A3D77}.Debug|Any CPU.ActiveCfg = Debug|Any CPU
		{878F1C7B-E1C9-4DCE-830F-7A87A88A3D77}.Debug|Any CPU.Build.0 = Debug|Any CPU
		{878F1C7B-E1C9-4DCE-830F-7A87A88A3D77}.Release|Any CPU.ActiveCfg = Release|Any CPU
		{878F1C7B-E1C9-4DCE-830F-7A87A88A3D77}.Release|Any CPU.Build.0 = Release|Any CPU
		{3ECBAF6C-EB17-4A70-A814-AD680E076046}.Debug|Any CPU.ActiveCfg = Debug|Any CPU
		{3ECBAF6C-EB17-4A70-A814-AD680E076046}.Debug|Any CPU.Build.0 = Debug|Any CPU
		{3ECBAF6C-EB17-4A70-A814-AD680E076046}.Release|Any CPU.ActiveCfg = Release|Any CPU
		{3ECBAF6C-EB17-4A70-A814-AD680E076046}.Release|Any CPU.Build.0 = Release|Any CPU
		{14F0839A-8254-49F2-A803-DECD51569C15}.Debug|Any CPU.ActiveCfg = Debug|Any CPU
		{14F0839A-8254-49F2-A803-DECD51569C15}.Debug|Any CPU.Build.0 = Debug|Any CPU
		{14F0839A-8254-49F2-A803-DECD51569C15}.Release|Any CPU.ActiveCfg = Release|Any CPU
		{14F0839A-8254-49F2-A803-DECD51569C15}.Release|Any CPU.Build.0 = Release|Any CPU
	EndGlobalSection
	GlobalSection(NestedProjects) = preSolution
		{65C298C9-574E-4728-BADF-7D4D188F0FD0} = {CE369B1B-042B-4063-8911-B66E87532664}
		{6AEB810C-184A-4638-A359-FE780B9BFB68} = {515F1E22-17B3-4124-93F1-F9D4E7122FD8}
		{10351EF2-E1E9-49D0-946E-C457A7B499A0} = {9A49E19E-3487-4887-9321-8F82DB53EE34}
		{D30A17E7-5CD4-4ECE-A226-6E3920665649} = {CE369B1B-042B-4063-8911-B66E87532664}
		{76B60624-E0FD-4737-A34E-B04E96DE4C6F} = {CE369B1B-042B-4063-8911-B66E87532664}
		{57F17827-DBD5-4716-BA7D-64EB8CE50F87} = {515F1E22-17B3-4124-93F1-F9D4E7122FD8}
		{9B21B3DB-F24D-4804-86AE-210E02660AD8} = {515F1E22-17B3-4124-93F1-F9D4E7122FD8}
		{E6B4E028-29DE-4CF8-A315-CA737F349A3E} = {515F1E22-17B3-4124-93F1-F9D4E7122FD8}
		{A9F7FD60-EC19-4858-BF4E-FF3F3F87CE00} = {CE369B1B-042B-4063-8911-B66E87532664}
		{77B8536F-EF24-456D-A705-407066513B12} = {515F1E22-17B3-4124-93F1-F9D4E7122FD8}
		{41ABA92A-FCEE-4FC5-9E76-EDA84F3C488E} = {CE369B1B-042B-4063-8911-B66E87532664}
		{7F128637-C9C9-41C0-9439-19DF08A14CA7} = {515F1E22-17B3-4124-93F1-F9D4E7122FD8}
		{D1706A29-6704-4CB0-A7D7-02436AB13432} = {CE369B1B-042B-4063-8911-B66E87532664}
		{EEF50EE6-02C8-43A1-980F-23649C2368DF} = {515F1E22-17B3-4124-93F1-F9D4E7122FD8}
		{A56E0461-1224-4817-A8CF-40BF432025F2} = {CE369B1B-042B-4063-8911-B66E87532664}
		{878F1C7B-E1C9-4DCE-830F-7A87A88A3D77} = {515F1E22-17B3-4124-93F1-F9D4E7122FD8}
		{3ECBAF6C-EB17-4A70-A814-AD680E076046} = {CE369B1B-042B-4063-8911-B66E87532664}
		{14F0839A-8254-49F2-A803-DECD51569C15} = {515F1E22-17B3-4124-93F1-F9D4E7122FD8}
	EndGlobalSection
EndGlobal
